Microsoft Visual Studio Solution File, Format Version 12.00
# Visual Studio 2012
Project("{FAE04EC0-301F-11D3-BF4B-00C04F79EFBC}") = "Pineapple-pickaxe", "Pineapple-pickaxe.csproj", "{C2C709E7-5285-4C45-87D1-453BFB217833}"
EndProject
Global
	GlobalSection(SolutionConfigurationPlatforms) = preSolution
	Debug|Any CPU = Debug|Any CPU
	Release|Any CPU = Release|Any CPU
	Tools|Any CPU = Tools|Any CPU
	EndGlobalSection
	GlobalSection(ProjectConfigurationPlatforms) = postSolution
		{C2C709E7-5285-4C45-87D1-453BFB217833}.Debug|Any CPU.ActiveCfg = Debug|Any CPU
		{C2C709E7-5285-4C45-87D1-453BFB217833}.Debug|Any CPU.Build.0 = Debug|Any CPU
		{C2C709E7-5285-4C45-87D1-453BFB217833}.Release|Any CPU.ActiveCfg = Release|Any CPU
		{C2C709E7-5285-4C45-87D1-453BFB217833}.Release|Any CPU.Build.0 = Release|Any CPU
		{C2C709E7-5285-4C45-87D1-453BFB217833}.Tools|Any CPU.ActiveCfg = Tools|Any CPU
		{C2C709E7-5285-4C45-87D1-453BFB217833}.Tools|Any CPU.Build.0 = Tools|Any CPU
	EndGlobalSection
EndGlobal
